// !$*UTF8*$!
{
	archiveVersion = 1;
	classes = {
	};
	objectVersion = 46;
	objects = {

/* Begin PBXBuildFile section */
		B354C8A51E6FCBA2000965D2 /* AppDelegate.swift in Sources */ = {isa = PBXBuildFile; fileRef = B354C8A41E6FCBA2000965D2 /* AppDelegate.swift */; };
		B354C8A71E6FCBA2000965D2 /* GameScene.sks in Resources */ = {isa = PBXBuildFile; fileRef = B354C8A61E6FCBA2000965D2 /* GameScene.sks */; };
		B354C8A91E6FCBA2000965D2 /* Actions.sks in Resources */ = {isa = PBXBuildFile; fileRef = B354C8A81E6FCBA2000965D2 /* Actions.sks */; };
		B354C8AB1E6FCBA2000965D2 /* GameScene.swift in Sources */ = {isa = PBXBuildFile; fileRef = B354C8AA1E6FCBA2000965D2 /* GameScene.swift */; };
		B354C8AD1E6FCBA2000965D2 /* GameViewController.swift in Sources */ = {isa = PBXBuildFile; fileRef = B354C8AC1E6FCBA2000965D2 /* GameViewController.swift */; };
		B354C8B01E6FCBA2000965D2 /* Main.storyboard in Resources */ = {isa = PBXBuildFile; fileRef = B354C8AE1E6FCBA2000965D2 /* Main.storyboard */; };
		B354C8B21E6FCBA2000965D2 /* Assets.xcassets in Resources */ = {isa = PBXBuildFile; fileRef = B354C8B11E6FCBA2000965D2 /* Assets.xcassets */; };
		B354C8B51E6FCBA2000965D2 /* LaunchScreen.storyboard in Resources */ = {isa = PBXBuildFile; fileRef = B354C8B31E6FCBA2000965D2 /* LaunchScreen.storyboard */; };
		B354C8C01E6FCBA2000965D2 /* MarCDubsTests.swift in Sources */ = {isa = PBXBuildFile; fileRef = B354C8BF1E6FCBA2000965D2 /* MarCDubsTests.swift */; };
		B354C8CB1E6FCBA2000965D2 /* MarCDubsUITests.swift in Sources */ = {isa = PBXBuildFile; fileRef = B354C8CA1E6FCBA2000965D2 /* MarCDubsUITests.swift */; };
		B354C8DD1E6FCBF1000965D2 /* JSTileMap.m in Sources */ = {isa = PBXBuildFile; fileRef = B354C8DA1E6FCBF1000965D2 /* JSTileMap.m */; };
		B354C8DE1E6FCBF1000965D2 /* LFCGzipUtility.m in Sources */ = {isa = PBXBuildFile; fileRef = B354C8DC1E6FCBF1000965D2 /* LFCGzipUtility.m */; };
		B354C8E01E6FCD04000965D2 /* level1.tmx in Resources */ = {isa = PBXBuildFile; fileRef = B354C8DF1E6FCD04000965D2 /* level1.tmx */; };
		B354C8E31E6FCD46000965D2 /* libz.tbd in Frameworks */ = {isa = PBXBuildFile; fileRef = B354C8E21E6FCD46000965D2 /* libz.tbd */; };
		B354C8E51E6FCDCA000965D2 /* tileSet.png in Resources */ = {isa = PBXBuildFile; fileRef = B354C8E41E6FCDCA000965D2 /* tileSet.png */; };
/* End PBXBuildFile section */

/* Begin PBXContainerItemProxy section */
		B354C8BC1E6FCBA2000965D2 /* PBXContainerItemProxy */ = {
			isa = PBXContainerItemProxy;
			containerPortal = B354C8991E6FCBA2000965D2 /* Project object */;
			proxyType = 1;
			remoteGlobalIDString = B354C8A01E6FCBA2000965D2;
			remoteInfo = MarCDubs;
		};
		B354C8C71E6FCBA2000965D2 /* PBXContainerItemProxy */ = {
			isa = PBXContainerItemProxy;
			containerPortal = B354C8991E6FCBA2000965D2 /* Project object */;
			proxyType = 1;
			remoteGlobalIDString = B354C8A01E6FCBA2000965D2;
			remoteInfo = MarCDubs;
		};
/* End PBXContainerItemProxy section */

/* Begin PBXFileReference section */
		B354C8A11E6FCBA2000965D2 /* MarCDubs.app */ = {isa = PBXFileReference; explicitFileType = wrapper.application; includeInIndex = 0; path = MarCDubs.app; sourceTree = BUILT_PRODUCTS_DIR; };
		B354C8A41E6FCBA2000965D2 /* AppDelegate.swift */ = {isa = PBXFileReference; lastKnownFileType = sourcecode.swift; path = AppDelegate.swift; sourceTree = "<group>"; };
		B354C8A61E6FCBA2000965D2 /* GameScene.sks */ = {isa = PBXFileReference; lastKnownFileType = file.sks; path = GameScene.sks; sourceTree = "<group>"; };
		B354C8A81E6FCBA2000965D2 /* Actions.sks */ = {isa = PBXFileReference; lastKnownFileType = file.sks; path = Actions.sks; sourceTree = "<group>"; };
		B354C8AA1E6FCBA2000965D2 /* GameScene.swift */ = {isa = PBXFileReference; lastKnownFileType = sourcecode.swift; path = GameScene.swift; sourceTree = "<group>"; };
		B354C8AC1E6FCBA2000965D2 /* GameViewController.swift */ = {isa = PBXFileReference; lastKnownFileType = sourcecode.swift; path = GameViewController.swift; sourceTree = "<group>"; };
		B354C8AF1E6FCBA2000965D2 /* Base */ = {isa = PBXFileReference; lastKnownFileType = file.storyboard; name = Base; path = Base.lproj/Main.storyboard; sourceTree = "<group>"; };
		B354C8B11E6FCBA2000965D2 /* Assets.xcassets */ = {isa = PBXFileReference; lastKnownFileType = folder.assetcatalog; path = Assets.xcassets; sourceTree = "<group>"; };
		B354C8B41E6FCBA2000965D2 /* Base */ = {isa = PBXFileReference; lastKnownFileType = file.storyboard; name = Base; path = Base.lproj/LaunchScreen.storyboard; sourceTree = "<group>"; };
		B354C8B61E6FCBA2000965D2 /* Info.plist */ = {isa = PBXFileReference; lastKnownFileType = text.plist.xml; path = Info.plist; sourceTree = "<group>"; };
		B354C8BB1E6FCBA2000965D2 /* MarCDubsTests.xctest */ = {isa = PBXFileReference; explicitFileType = wrapper.cfbundle; includeInIndex = 0; path = MarCDubsTests.xctest; sourceTree = BUILT_PRODUCTS_DIR; };
		B354C8BF1E6FCBA2000965D2 /* MarCDubsTests.swift */ = {isa = PBXFileReference; lastKnownFileType = sourcecode.swift; path = MarCDubsTests.swift; sourceTree = "<group>"; };
		B354C8C11E6FCBA2000965D2 /* Info.plist */ = {isa = PBXFileReference; lastKnownFileType = text.plist.xml; path = Info.plist; sourceTree = "<group>"; };
		B354C8C61E6FCBA2000965D2 /* MarCDubsUITests.xctest */ = {isa = PBXFileReference; explicitFileType = wrapper.cfbundle; includeInIndex = 0; path = MarCDubsUITests.xctest; sourceTree = BUILT_PRODUCTS_DIR; };
		B354C8CA1E6FCBA2000965D2 /* MarCDubsUITests.swift */ = {isa = PBXFileReference; lastKnownFileType = sourcecode.swift; path = MarCDubsUITests.swift; sourceTree = "<group>"; };
		B354C8CC1E6FCBA2000965D2 /* Info.plist */ = {isa = PBXFileReference; lastKnownFileType = text.plist.xml; path = Info.plist; sourceTree = "<group>"; };
		B354C8D81E6FCBF1000965D2 /* MarCDubs-Bridging-Header.h */ = {isa = PBXFileReference; lastKnownFileType = sourcecode.c.h; path = "MarCDubs-Bridging-Header.h"; sourceTree = "<group>"; };
		B354C8D91E6FCBF1000965D2 /* JSTileMap.h */ = {isa = PBXFileReference; fileEncoding = 4; lastKnownFileType = sourcecode.c.h; path = JSTileMap.h; sourceTree = "<group>"; };
		B354C8DA1E6FCBF1000965D2 /* JSTileMap.m */ = {isa = PBXFileReference; fileEncoding = 4; lastKnownFileType = sourcecode.c.objc; path = JSTileMap.m; sourceTree = "<group>"; };
		B354C8DB1E6FCBF1000965D2 /* LFCGzipUtility.h */ = {isa = PBXFileReference; fileEncoding = 4; lastKnownFileType = sourcecode.c.h; path = LFCGzipUtility.h; sourceTree = "<group>"; };
		B354C8DC1E6FCBF1000965D2 /* LFCGzipUtility.m */ = {isa = PBXFileReference; fileEncoding = 4; lastKnownFileType = sourcecode.c.objc; path = LFCGzipUtility.m; sourceTree = "<group>"; };
		B354C8DF1E6FCD04000965D2 /* level1.tmx */ = {isa = PBXFileReference; fileEncoding = 4; lastKnownFileType = text.xml; path = level1.tmx; sourceTree = "<group>"; };
		B354C8E21E6FCD46000965D2 /* libz.tbd */ = {isa = PBXFileReference; lastKnownFileType = "sourcecode.text-based-dylib-definition"; name = libz.tbd; path = usr/lib/libz.tbd; sourceTree = SDKROOT; };
		B354C8E41E6FCDCA000965D2 /* tileSet.png */ = {isa = PBXFileReference; lastKnownFileType = image.png; path = tileSet.png; sourceTree = "<group>"; };
/* End PBXFileReference section */

/* Begin PBXFrameworksBuildPhase section */
		B354C89E1E6FCBA2000965D2 /* Frameworks */ = {
			isa = PBXFrameworksBuildPhase;
			buildActionMask = 2147483647;
			files = (
				B354C8E31E6FCD46000965D2 /* libz.tbd in Frameworks */,
			);
			runOnlyForDeploymentPostprocessing = 0;
		};
		B354C8B81E6FCBA2000965D2 /* Frameworks */ = {
			isa = PBXFrameworksBuildPhase;
			buildActionMask = 2147483647;
			files = (
			);
			runOnlyForDeploymentPostprocessing = 0;
		};
		B354C8C31E6FCBA2000965D2 /* Frameworks */ = {
			isa = PBXFrameworksBuildPhase;
			buildActionMask = 2147483647;
			files = (
			);
			runOnlyForDeploymentPostprocessing = 0;
		};
/* End PBXFrameworksBuildPhase section */

/* Begin PBXGroup section */
		B354C8981E6FCBA2000965D2 = {
			isa = PBXGroup;
			children = (
				B354C8A31E6FCBA2000965D2 /* MarCDubs */,
				B354C8BE1E6FCBA2000965D2 /* MarCDubsTests */,
				B354C8C91E6FCBA2000965D2 /* MarCDubsUITests */,
				B354C8A21E6FCBA2000965D2 /* Products */,
				B354C8E11E6FCD46000965D2 /* Frameworks */,
			);
			sourceTree = "<group>";
		};
		B354C8A21E6FCBA2000965D2 /* Products */ = {
			isa = PBXGroup;
			children = (
				B354C8A11E6FCBA2000965D2 /* MarCDubs.app */,
				B354C8BB1E6FCBA2000965D2 /* MarCDubsTests.xctest */,
				B354C8C61E6FCBA2000965D2 /* MarCDubsUITests.xctest */,
			);
			name = Products;
			sourceTree = "<group>";
		};
		B354C8A31E6FCBA2000965D2 /* MarCDubs */ = {
			isa = PBXGroup;
			children = (
				B354C8E41E6FCDCA000965D2 /* tileSet.png */,
				B354C8DF1E6FCD04000965D2 /* level1.tmx */,
				B354C8D91E6FCBF1000965D2 /* JSTileMap.h */,
				B354C8DA1E6FCBF1000965D2 /* JSTileMap.m */,
				B354C8DB1E6FCBF1000965D2 /* LFCGzipUtility.h */,
				B354C8DC1E6FCBF1000965D2 /* LFCGzipUtility.m */,
				B354C8A41E6FCBA2000965D2 /* AppDelegate.swift */,
				B354C8A61E6FCBA2000965D2 /* GameScene.sks */,
				B354C8A81E6FCBA2000965D2 /* Actions.sks */,
				B354C8AA1E6FCBA2000965D2 /* GameScene.swift */,
				B354C8AC1E6FCBA2000965D2 /* GameViewController.swift */,
				B354C8AE1E6FCBA2000965D2 /* Main.storyboard */,
				B354C8B11E6FCBA2000965D2 /* Assets.xcassets */,
				B354C8B31E6FCBA2000965D2 /* LaunchScreen.storyboard */,
				B354C8B61E6FCBA2000965D2 /* Info.plist */,
				B354C8D81E6FCBF1000965D2 /* MarCDubs-Bridging-Header.h */,
			);
			path = MarCDubs;
			sourceTree = "<group>";
		};
		B354C8BE1E6FCBA2000965D2 /* MarCDubsTests */ = {
			isa = PBXGroup;
			children = (
				B354C8BF1E6FCBA2000965D2 /* MarCDubsTests.swift */,
				B354C8C11E6FCBA2000965D2 /* Info.plist */,
			);
			path = MarCDubsTests;
			sourceTree = "<group>";
		};
		B354C8C91E6FCBA2000965D2 /* MarCDubsUITests */ = {
			isa = PBXGroup;
			children = (
				B354C8CA1E6FCBA2000965D2 /* MarCDubsUITests.swift */,
				B354C8CC1E6FCBA2000965D2 /* Info.plist */,
			);
			path = MarCDubsUITests;
			sourceTree = "<group>";
		};
		B354C8E11E6FCD46000965D2 /* Frameworks */ = {
			isa = PBXGroup;
			children = (
				B354C8E21E6FCD46000965D2 /* libz.tbd */,
			);
			name = Frameworks;
			sourceTree = "<group>";
		};
/* End PBXGroup section */

/* Begin PBXNativeTarget section */
		B354C8A01E6FCBA2000965D2 /* MarCDubs */ = {
			isa = PBXNativeTarget;
			buildConfigurationList = B354C8CF1E6FCBA2000965D2 /* Build configuration list for PBXNativeTarget "MarCDubs" */;
			buildPhases = (
				B354C89D1E6FCBA2000965D2 /* Sources */,
				B354C89E1E6FCBA2000965D2 /* Frameworks */,
				B354C89F1E6FCBA2000965D2 /* Resources */,
			);
			buildRules = (
			);
			dependencies = (
			);
			name = MarCDubs;
			productName = MarCDubs;
			productReference = B354C8A11E6FCBA2000965D2 /* MarCDubs.app */;
			productType = "com.apple.product-type.application";
		};
		B354C8BA1E6FCBA2000965D2 /* MarCDubsTests */ = {
			isa = PBXNativeTarget;
			buildConfigurationList = B354C8D21E6FCBA2000965D2 /* Build configuration list for PBXNativeTarget "MarCDubsTests" */;
			buildPhases = (
				B354C8B71E6FCBA2000965D2 /* Sources */,
				B354C8B81E6FCBA2000965D2 /* Frameworks */,
				B354C8B91E6FCBA2000965D2 /* Resources */,
			);
			buildRules = (
			);
			dependencies = (
				B354C8BD1E6FCBA2000965D2 /* PBXTargetDependency */,
			);
			name = MarCDubsTests;
			productName = MarCDubsTests;
			productReference = B354C8BB1E6FCBA2000965D2 /* MarCDubsTests.xctest */;
			productType = "com.apple.product-type.bundle.unit-test";
		};
		B354C8C51E6FCBA2000965D2 /* MarCDubsUITests */ = {
			isa = PBXNativeTarget;
			buildConfigurationList = B354C8D51E6FCBA2000965D2 /* Build configuration list for PBXNativeTarget "MarCDubsUITests" */;
			buildPhases = (
				B354C8C21E6FCBA2000965D2 /* Sources */,
				B354C8C31E6FCBA2000965D2 /* Frameworks */,
				B354C8C41E6FCBA2000965D2 /* Resources */,
			);
			buildRules = (
			);
			dependencies = (
				B354C8C81E6FCBA2000965D2 /* PBXTargetDependency */,
			);
			name = MarCDubsUITests;
			productName = MarCDubsUITests;
			productReference = B354C8C61E6FCBA2000965D2 /* MarCDubsUITests.xctest */;
			productType = "com.apple.product-type.bundle.ui-testing";
		};
/* End PBXNativeTarget section */

/* Begin PBXProject section */
		B354C8991E6FCBA2000965D2 /* Project object */ = {
			isa = PBXProject;
			attributes = {
				LastSwiftUpdateCheck = 0820;
				LastUpgradeCheck = 0820;
				ORGANIZATIONNAME = Cappillen;
				TargetAttributes = {
					B354C8A01E6FCBA2000965D2 = {
						CreatedOnToolsVersion = 8.2.1;
						DevelopmentTeam = 6E9XW5U7WR;
						LastSwiftMigration = 0820;
						ProvisioningStyle = Automatic;
					};
					B354C8BA1E6FCBA2000965D2 = {
						CreatedOnToolsVersion = 8.2.1;
						DevelopmentTeam = 6E9XW5U7WR;
						ProvisioningStyle = Automatic;
						TestTargetID = B354C8A01E6FCBA2000965D2;
					};
					B354C8C51E6FCBA2000965D2 = {
						CreatedOnToolsVersion = 8.2.1;
						DevelopmentTeam = 6E9XW5U7WR;
						ProvisioningStyle = Automatic;
						TestTargetID = B354C8A01E6FCBA2000965D2;
					};
				};
			};
			buildConfigurationList = B354C89C1E6FCBA2000965D2 /* Build configuration list for PBXProject "MarCDubs" */;
			compatibilityVersion = "Xcode 3.2";
			developmentRegion = English;
			hasScannedForEncodings = 0;
			knownRegions = (
				en,
				Base,
			);
			mainGroup = B354C8981E6FCBA2000965D2;
			productRefGroup = B354C8A21E6FCBA2000965D2 /* Products */;
			projectDirPath = "";
			projectRoot = "";
			targets = (
				B354C8A01E6FCBA2000965D2 /* MarCDubs */,
				B354C8BA1E6FCBA2000965D2 /* MarCDubsTests */,
				B354C8C51E6FCBA2000965D2 /* MarCDubsUITests */,
			);
		};
/* End PBXProject section */

/* Begin PBXResourcesBuildPhase section */
		B354C89F1E6FCBA2000965D2 /* Resources */ = {
			isa = PBXResourcesBuildPhase;
			buildActionMask = 2147483647;
			files = (
				B354C8E01E6FCD04000965D2 /* level1.tmx in Resources */,
				B354C8B01E6FCBA2000965D2 /* Main.storyboard in Resources */,
				B354C8A71E6FCBA2000965D2 /* GameScene.sks in Resources */,
				B354C8B21E6FCBA2000965D2 /* Assets.xcassets in Resources */,
				B354C8B51E6FCBA2000965D2 /* LaunchScreen.storyboard in Resources */,
				B354C8A91E6FCBA2000965D2 /* Actions.sks in Resources */,
				B354C8E51E6FCDCA000965D2 /* tileSet.png in Resources */,
			);
			runOnlyForDeploymentPostprocessing = 0;
		};
		B354C8B91E6FCBA2000965D2 /* Resources */ = {
			isa = PBXResourcesBuildPhase;
			buildActionMask = 2147483647;
			files = (
			);
			runOnlyForDeploymentPostprocessing = 0;
		};
		B354C8C41E6FCBA2000965D2 /* Resources */ = {
			isa = PBXResourcesBuildPhase;
			buildActionMask = 2147483647;
			files = (
			);
			runOnlyForDeploymentPostprocessing = 0;
		};
/* End PBXResourcesBuildPhase section */

/* Begin PBXSourcesBuildPhase section */
		B354C89D1E6FCBA2000965D2 /* Sources */ = {
			isa = PBXSourcesBuildPhase;
			buildActionMask = 2147483647;
			files = (
				B354C8AB1E6FCBA2000965D2 /* GameScene.swift in Sources */,
				B354C8DE1E6FCBF1000965D2 /* LFCGzipUtility.m in Sources */,
				B354C8AD1E6FCBA2000965D2 /* GameViewController.swift in Sources */,
				B354C8A51E6FCBA2000965D2 /* AppDelegate.swift in Sources */,
				B354C8DD1E6FCBF1000965D2 /* JSTileMap.m in Sources */,
			);
			runOnlyForDeploymentPostprocessing = 0;
		};
		B354C8B71E6FCBA2000965D2 /* Sources */ = {
			isa = PBXSourcesBuildPhase;
			buildActionMask = 2147483647;
			files = (
				B354C8C01E6FCBA2000965D2 /* MarCDubsTests.swift in Sources */,
			);
			runOnlyForDeploymentPostprocessing = 0;
		};
		B354C8C21E6FCBA2000965D2 /* Sources */ = {
			isa = PBXSourcesBuildPhase;
			buildActionMask = 2147483647;
			files = (
				B354C8CB1E6FCBA2000965D2 /* MarCDubsUITests.swift in Sources */,
			);
			runOnlyForDeploymentPostprocessing = 0;
		};
/* End PBXSourcesBuildPhase section */

/* Begin PBXTargetDependency section */
		B354C8BD1E6FCBA2000965D2 /* PBXTargetDependency */ = {
			isa = PBXTargetDependency;
			target = B354C8A01E6FCBA2000965D2 /* MarCDubs */;
			targetProxy = B354C8BC1E6FCBA2000965D2 /* PBXContainerItemProxy */;
		};
		B354C8C81E6FCBA2000965D2 /* PBXTargetDependency */ = {
			isa = PBXTargetDependency;
			target = B354C8A01E6FCBA2000965D2 /* MarCDubs */;
			targetProxy = B354C8C71E6FCBA2000965D2 /* PBXContainerItemProxy */;
		};
/* End PBXTargetDependency section */

/* Begin PBXVariantGroup section */
		B354C8AE1E6FCBA2000965D2 /* Main.storyboard */ = {
			isa = PBXVariantGroup;
			children = (
				B354C8AF1E6FCBA2000965D2 /* Base */,
			);
			name = Main.storyboard;
			sourceTree = "<group>";
		};
		B354C8B31E6FCBA2000965D2 /* LaunchScreen.storyboard */ = {
			isa = PBXVariantGroup;
			children = (
				B354C8B41E6FCBA2000965D2 /* Base */,
			);
			name = LaunchScreen.storyboard;
			sourceTree = "<group>";
		};
/* End PBXVariantGroup section */

/* Begin XCBuildConfiguration section */
		B354C8CD1E6FCBA2000965D2 /* Debug */ = {
			isa = XCBuildConfiguration;
			buildSettings = {
				ALWAYS_SEARCH_USER_PATHS = NO;
				CLANG_ANALYZER_NONNULL = YES;
				CLANG_CXX_LANGUAGE_STANDARD = "gnu++0x";
				CLANG_CXX_LIBRARY = "libc++";
				CLANG_ENABLE_MODULES = YES;
				CLANG_ENABLE_OBJC_ARC = YES;
				CLANG_WARN_BOOL_CONVERSION = YES;
				CLANG_WARN_CONSTANT_CONVERSION = YES;
				CLANG_WARN_DIRECT_OBJC_ISA_USAGE = YES_ERROR;
				CLANG_WARN_DOCUMENTATION_COMMENTS = YES;
				CLANG_WARN_EMPTY_BODY = YES;
				CLANG_WARN_ENUM_CONVERSION = YES;
				CLANG_WARN_INFINITE_RECURSION = YES;
				CLANG_WARN_INT_CONVERSION = YES;
				CLANG_WARN_OBJC_ROOT_CLASS = YES_ERROR;
				CLANG_WARN_SUSPICIOUS_MOVE = YES;
				CLANG_WARN_UNREACHABLE_CODE = YES;
				CLANG_WARN__DUPLICATE_METHOD_MATCH = YES;
				"CODE_SIGN_IDENTITY[sdk=iphoneos*]" = "iPhone Developer";
				COPY_PHASE_STRIP = NO;
				DEBUG_INFORMATION_FORMAT = dwarf;
				ENABLE_STRICT_OBJC_MSGSEND = YES;
				ENABLE_TESTABILITY = YES;
				GCC_C_LANGUAGE_STANDARD = gnu99;
				GCC_DYNAMIC_NO_PIC = NO;
				GCC_NO_COMMON_BLOCKS = YES;
				GCC_OPTIMIZATION_LEVEL = 0;
				GCC_PREPROCESSOR_DEFINITIONS = (
					"DEBUG=1",
					"$(inherited)",
				);
				GCC_WARN_64_TO_32_BIT_CONVERSION = YES;
				GCC_WARN_ABOUT_RETURN_TYPE = YES_ERROR;
				GCC_WARN_UNDECLARED_SELECTOR = YES;
				GCC_WARN_UNINITIALIZED_AUTOS = YES_AGGRESSIVE;
				GCC_WARN_UNUSED_FUNCTION = YES;
				GCC_WARN_UNUSED_VARIABLE = YES;
				IPHONEOS_DEPLOYMENT_TARGET = 10.2;
				MTL_ENABLE_DEBUG_INFO = YES;
				ONLY_ACTIVE_ARCH = YES;
				SDKROOT = iphoneos;
				SWIFT_ACTIVE_COMPILATION_CONDITIONS = DEBUG;
				SWIFT_OPTIMIZATION_LEVEL = "-Onone";
				TARGETED_DEVICE_FAMILY = "1,2";
			};
			name = Debug;
		};
		B354C8CE1E6FCBA2000965D2 /* Release */ = {
			isa = XCBuildConfiguration;
			buildSettings = {
				ALWAYS_SEARCH_USER_PATHS = NO;
				CLANG_ANALYZER_NONNULL = YES;
				CLANG_CXX_LANGUAGE_STANDARD = "gnu++0x";
				CLANG_CXX_LIBRARY = "libc++";
				CLANG_ENABLE_MODULES = YES;
				CLANG_ENABLE_OBJC_ARC = YES;
				CLANG_WARN_BOOL_CONVERSION = YES;
				CLANG_WARN_CONSTANT_CONVERSION = YES;
				CLANG_WARN_DIRECT_OBJC_ISA_USAGE = YES_ERROR;
				CLANG_WARN_DOCUMENTATION_COMMENTS = YES;
				CLANG_WARN_EMPTY_BODY = YES;
				CLANG_WARN_ENUM_CONVERSION = YES;
				CLANG_WARN_INFINITE_RECURSION = YES;
				CLANG_WARN_INT_CONVERSION = YES;
				CLANG_WARN_OBJC_ROOT_CLASS = YES_ERROR;
				CLANG_WARN_SUSPICIOUS_MOVE = YES;
				CLANG_WARN_UNREACHABLE_CODE = YES;
				CLANG_WARN__DUPLICATE_METHOD_MATCH = YES;
				"CODE_SIGN_IDENTITY[sdk=iphoneos*]" = "iPhone Developer";
				COPY_PHASE_STRIP = NO;
				DEBUG_INFORMATION_FORMAT = "dwarf-with-dsym";
				ENABLE_NS_ASSERTIONS = NO;
				ENABLE_STRICT_OBJC_MSGSEND = YES;
				GCC_C_LANGUAGE_STANDARD = gnu99;
				GCC_NO_COMMON_BLOCKS = YES;
				GCC_WARN_64_TO_32_BIT_CONVERSION = YES;
				GCC_WARN_ABOUT_RETURN_TYPE = YES_ERROR;
				GCC_WARN_UNDECLARED_SELECTOR = YES;
				GCC_WARN_UNINITIALIZED_AUTOS = YES_AGGRESSIVE;
				GCC_WARN_UNUSED_FUNCTION = YES;
				GCC_WARN_UNUSED_VARIABLE = YES;
				IPHONEOS_DEPLOYMENT_TARGET = 10.2;
				MTL_ENABLE_DEBUG_INFO = NO;
				SDKROOT = iphoneos;
				SWIFT_OPTIMIZATION_LEVEL = "-Owholemodule";
				TARGETED_DEVICE_FAMILY = "1,2";
				VALIDATE_PRODUCT = YES;
			};
			name = Release;
		};
		B354C8D01E6FCBA2000965D2 /* Debug */ = {
			isa = XCBuildConfiguration;
			buildSettings = {
				ASSETCATALOG_COMPILER_APPICON_NAME = AppIcon;
				CLANG_ENABLE_MODULES = YES;
				DEVELOPMENT_TEAM = 6E9XW5U7WR;
				INFOPLIST_FILE = MarCDubs/Info.plist;
				LD_RUNPATH_SEARCH_PATHS = "$(inherited) @executable_path/Frameworks";
				PRODUCT_BUNDLE_IDENTIFIER = com.cap.MarCDubs;
				PRODUCT_NAME = "$(TARGET_NAME)";
				SWIFT_OBJC_BRIDGING_HEADER = "MarCDubs/MarCDubs-Bridging-Header.h";
				SWIFT_OPTIMIZATION_LEVEL = "-Onone";
				SWIFT_VERSION = 3.0;
			};
			name = Debug;
		};
		B354C8D11E6FCBA2000965D2 /* Release */ = {
			isa = XCBuildConfiguration;
			buildSettings = {
				ASSETCATALOG_COMPILER_APPICON_NAME = AppIcon;
				CLANG_ENABLE_MODULES = YES;
				DEVELOPMENT_TEAM = 6E9XW5U7WR;
				INFOPLIST_FILE = MarCDubs/Info.plist;
				LD_RUNPATH_SEARCH_PATHS = "$(inherited) @executable_path/Frameworks";
				PRODUCT_BUNDLE_IDENTIFIER = com.cap.MarCDubs;
				PRODUCT_NAME = "$(TARGET_NAME)";
				SWIFT_OBJC_BRIDGING_HEADER = "MarCDubs/MarCDubs-Bridging-Header.h";
				SWIFT_VERSION = 3.0;
			};
			name = Release;
		};
		B354C8D31E6FCBA2000965D2 /* Debug */ = {
			isa = XCBuildConfiguration;
			buildSettings = {
				ALWAYS_EMBED_SWIFT_STANDARD_LIBRARIES = YES;
				BUNDLE_LOADER = "$(TEST_HOST)";
				DEVELOPMENT_TEAM = 6E9XW5U7WR;
				INFOPLIST_FILE = MarCDubsTests/Info.plist;
				LD_RUNPATH_SEARCH_PATHS = "$(inherited) @executable_path/Frameworks @loader_path/Frameworks";
				PRODUCT_BUNDLE_IDENTIFIER = com.cap.MarCDubsTests;
				PRODUCT_NAME = "$(TARGET_NAME)";
				SWIFT_VERSION = 3.0;
				TEST_HOST = "$(BUILT_PRODUCTS_DIR)/MarCDubs.app/MarCDubs";
			};
			name = Debug;
		};
		B354C8D41E6FCBA2000965D2 /* Release */ = {
			isa = XCBuildConfiguration;
			buildSettings = {
				ALWAYS_EMBED_SWIFT_STANDARD_LIBRARIES = YES;
				BUNDLE_LOADER = "$(TEST_HOST)";
				DEVELOPMENT_TEAM = 6E9XW5U7WR;
				INFOPLIST_FILE = MarCDubsTests/Info.plist;
				LD_RUNPATH_SEARCH_PATHS = "$(inherited) @executable_path/Frameworks @loader_path/Frameworks";
				PRODUCT_BUNDLE_IDENTIFIER = com.cap.MarCDubsTests;
				PRODUCT_NAME = "$(TARGET_NAME)";
				SWIFT_VERSION = 3.0;
				TEST_HOST = "$(BUILT_PRODUCTS_DIR)/MarCDubs.app/MarCDubs";
			};
			name = Release;
		};
		B354C8D61E6FCBA2000965D2 /* Debug */ = {
			isa = XCBuildConfiguration;
			buildSettings = {
				ALWAYS_EMBED_SWIFT_STANDARD_LIBRARIES = YES;
				DEVELOPMENT_TEAM = 6E9XW5U7WR;
				INFOPLIST_FILE = MarCDubsUITests/Info.plist;
				LD_RUNPATH_SEARCH_PATHS = "$(inherited) @executable_path/Frameworks @loader_path/Frameworks";
				PRODUCT_BUNDLE_IDENTIFIER = com.cap.MarCDubsUITests;
				PRODUCT_NAME = "$(TARGET_NAME)";
				SWIFT_VERSION = 3.0;
				TEST_TARGET_NAME = MarCDubs;
			};
			name = Debug;
		};
		B354C8D71E6FCBA2000965D2 /* Release */ = {
			isa = XCBuildConfiguration;
			buildSettings = {
				ALWAYS_EMBED_SWIFT_STANDARD_LIBRARIES = YES;
				DEVELOPMENT_TEAM = 6E9XW5U7WR;
				INFOPLIST_FILE = MarCDubsUITests/Info.plist;
				LD_RUNPATH_SEARCH_PATHS = "$(inherited) @executable_path/Frameworks @loader_path/Frameworks";
				PRODUCT_BUNDLE_IDENTIFIER = com.cap.MarCDubsUITests;
				PRODUCT_NAME = "$(TARGET_NAME)";
				SWIFT_VERSION = 3.0;
				TEST_TARGET_NAME = MarCDubs;
			};
			name = Release;
		};
/* End XCBuildConfiguration section */

/* Begin XCConfigurationList section */
		B354C89C1E6FCBA2000965D2 /* Build configuration list for PBXProject "MarCDubs" */ = {
			isa = XCConfigurationList;
			buildConfigurations = (
				B354C8CD1E6FCBA2000965D2 /* Debug */,
				B354C8CE1E6FCBA2000965D2 /* Release */,
			);
			defaultConfigurationIsVisible = 0;
			defaultConfigurationName = Release;
		};
		B354C8CF1E6FCBA2000965D2 /* Build configuration list for PBXNativeTarget "MarCDubs" */ = {
			isa = XCConfigurationList;
			buildConfigurations = (
				B354C8D01E6FCBA2000965D2 /* Debug */,
				B354C8D11E6FCBA2000965D2 /* Release */,
			);
			defaultConfigurationIsVisible = 0;
		};
		B354C8D21E6FCBA2000965D2 /* Build configuration list for PBXNativeTarget "MarCDubsTests" */ = {
			isa = XCConfigurationList;
			buildConfigurations = (
				B354C8D31E6FCBA2000965D2 /* Debug */,
				B354C8D41E6FCBA2000965D2 /* Release */,
			);
			defaultConfigurationIsVisible = 0;
		};
		B354C8D51E6FCBA2000965D2 /* Build configuration list for PBXNativeTarget "MarCDubsUITests" */ = {
			isa = XCConfigurationList;
			buildConfigurations = (
				B354C8D61E6FCBA2000965D2 /* Debug */,
				B354C8D71E6FCBA2000965D2 /* Release */,
			);
			defaultConfigurationIsVisible = 0;
		};
/* End XCConfigurationList section */
	};
	rootObject = B354C8991E6FCBA2000965D2 /* Project object */;
}
